# THIS IS AN AUTOGENERATED FILE. DO NOT EDIT THIS FILE DIRECTLY.
# yarn lockfile v1


"@types/node@^18.15.11":
  version "18.15.11"
  resolved "https://registry.yarnpkg.com/@types/node/-/node-18.15.11.tgz#b3b790f09cb1696cffcec605de025b088fa4225f"
  integrity sha512-E5Kwq2n4SbMzQOn6wnmBjuK9ouqlURrcZDVfbo9ftDDTFt3nk7ZKK4GMOzoYgnpQJKcxwQw+lGaBvvlMo0qN/Q==

"@types/qrcode-svg@^1.1.1":
  version "1.1.1"
  resolved "https://registry.yarnpkg.com/@types/qrcode-svg/-/qrcode-svg-1.1.1.tgz#86c1b5d0e50d9e4eecd2d75632eb46b311a116e8"
  integrity sha512-uTuEgFXMknpun//Jj6b1R8T8LiMi9fNpH+cnhZr4b7col2HHTMmjYfm/WOZ7nzjuGpk+oTrpHhePe1qlWtHWTA==

qrcode-svg@^1.1.0:
  version "1.1.0"
  resolved "https://registry.yarnpkg.com/qrcode-svg/-/qrcode-svg-1.1.0.tgz#2087549843dc5d0a3f8e8aa046cd9bcf23708cc3"
  integrity sha512-XyQCIXux1zEIA3NPb0AeR8UMYvXZzWEhgdBgBjH9gO7M48H9uoHzviNz8pXw3UzrAcxRRRn9gxHewAVK7bn9qw==

typescript@^5.0.4:
  version "5.0.4"
  resolved "https://registry.yarnpkg.com/typescript/-/typescript-5.0.4.tgz#b217fd20119bd61a94d4011274e0ab369058da3b"
  integrity sha512-cW9T5W9xY37cc+jfEnaUvX91foxtHkza3Nw3wkoF4sSlKn0MONdkdEndig/qPBWXNkmplh3NzayQzCiHM4/hqw==
